
Microsoft Visual Studio Solution File, Format Version 12.00
# Visual Studio Version 16
VisualStudioVersion = 16.0.29613.14
MinimumVisualStudioVersion = 10.0.40219.1
Project("{FAE04EC0-301F-11D3-BF4B-00C04F79EFBC}") = "DataContract", "DataContract\DataContract.csproj", "{2DBDFDAA-8D77-4F3A-A818-3AEED5A9CD7D}"
EndProject
Project("{FAE04EC0-301F-11D3-BF4B-00C04F79EFBC}") = "Testing", "Testing\Testing.csproj", "{6584BFA2-3C8B-4E89-BD02-A38FFC4C5256}"
EndProject
Project("{FAE04EC0-301F-11D3-BF4B-00C04F79EFBC}") = "OutsourcedComponent", "OutsourcedComponent\OutsourcedComponent.csproj", "{71ACB255-91E6-4C22-A2E1-08EBB24524FC}"
EndProject
Global
	GlobalSection(SolutionConfigurationPlatforms) = preSolution
		Debug|Any CPU = Debug|Any CPU
		Release|Any CPU = Release|Any CPU
	EndGlobalSection
	GlobalSection(ProjectConfigurationPlatforms) = postSolution
		{2DBDFDAA-8D77-4F3A-A818-3AEED5A9CD7D}.Debug|Any CPU.ActiveCfg = Debug|Any CPU
		{2DBDFDAA-8D77-4F3A-A818-3AEED5A9CD7D}.Debug|Any CPU.Build.0 = Debug|Any CPU
		{2DBDFDAA-8D77-4F3A-A818-3AEED5A9CD7D}.Release|Any CPU.ActiveCfg = Release|Any CPU
		{2DBDFDAA-8D77-4F3A-A818-3AEED5A9CD7D}.Release|Any CPU.Build.0 = Release|Any CPU
		{6584BFA2-3C8B-4E89-BD02-A38FFC4C5256}.Debug|Any CPU.ActiveCfg = Debug|Any CPU
		{6584BFA2-3C8B-4E89-BD02-A38FFC4C5256}.Debug|Any CPU.Build.0 = Debug|Any CPU
		{6584BFA2-3C8B-4E89-BD02-A38FFC4C5256}.Release|Any CPU.ActiveCfg = Release|Any CPU
		{6584BFA2-3C8B-4E89-BD02-A38FFC4C5256}.Release|Any CPU.Build.0 = Release|Any CPU
		{71ACB255-91E6-4C22-A2E1-08EBB24524FC}.Debug|Any CPU.ActiveCfg = Debug|Any CPU
		{71ACB255-91E6-4C22-A2E1-08EBB24524FC}.Debug|Any CPU.Build.0 = Debug|Any CPU
		{71ACB255-91E6-4C22-A2E1-08EBB24524FC}.Release|Any CPU.ActiveCfg = Release|Any CPU
		{71ACB255-91E6-4C22-A2E1-08EBB24524FC}.Release|Any CPU.Build.0 = Release|Any CPU
	EndGlobalSection
	GlobalSection(SolutionProperties) = preSolution
		HideSolutionNode = FALSE
	EndGlobalSection
	GlobalSection(ExtensibilityGlobals) = postSolution
		SolutionGuid = {7BE25EEF-E6A1-4369-893A-6F2CBA34B46C}
	EndGlobalSection
EndGlobal
